
Microsoft Visual Studio Solution File, Format Version 12.00
# Visual Studio Version 16
VisualStudioVersion = 16.0.30413.136
MinimumVisualStudioVersion = 10.0.40219.1
Project("{9A19103F-16F7-4668-BE54-9A1E7A4F7556}") = "PipleLineExample", "PipleLineExample\PipleLineExample.csproj", "{7E347BF4-ED3B-4F46-A682-EC7EF7A543B0}"
EndProject
Project("{9A19103F-16F7-4668-BE54-9A1E7A4F7556}") = "NetworkScanner.Service", "NetworkScanner.Service\NetworkScanner.Service.csproj", "{B2E4636E-2A92-4F26-9E02-A495B677DFE3}"
EndProject
Project("{9A19103F-16F7-4668-BE54-9A1E7A4F7556}") = "NetworkScanner.Domain", "NetworkScanner.Domain\NetworkScanner.Domain.csproj", "{B7DB2059-FFBA-457F-A114-0C89647A00A2}"
EndProject
Project("{9A19103F-16F7-4668-BE54-9A1E7A4F7556}") = "NetworkScanner.Application", "NetworkScanner.Application\NetworkScanner.Application.csproj", "{83119D2B-A8C7-472E-9F30-8AAEE65B6FC1}"
EndProject
Project("{9A19103F-16F7-4668-BE54-9A1E7A4F7556}") = "NetworkScanner.Infrastructure", "NetworkScanner.Infrastructure\NetworkScanner.Infrastructure.csproj", "{4819A329-BC0A-4E5B-A03A-AD5563F9DA94}"
EndProject
Project("{FAE04EC0-301F-11D3-BF4B-00C04F79EFBC}") = "Output", "Output\Output.csproj", "{C9A43302-D3D9-43D5-A152-952FC83F8C87}"
EndProject
Global
	GlobalSection(SolutionConfigurationPlatforms) = preSolution
		Debug|Any CPU = Debug|Any CPU
		Release|Any CPU = Release|Any CPU
	EndGlobalSection
	GlobalSection(ProjectConfigurationPlatforms) = postSolution
		{7E347BF4-ED3B-4F46-A682-EC7EF7A543B0}.Debug|Any CPU.ActiveCfg = Debug|Any CPU
		{7E347BF4-ED3B-4F46-A682-EC7EF7A543B0}.Debug|Any CPU.Build.0 = Debug|Any CPU
		{7E347BF4-ED3B-4F46-A682-EC7EF7A543B0}.Release|Any CPU.ActiveCfg = Release|Any CPU
		{7E347BF4-ED3B-4F46-A682-EC7EF7A543B0}.Release|Any CPU.Build.0 = Release|Any CPU
		{B2E4636E-2A92-4F26-9E02-A495B677DFE3}.Debug|Any CPU.ActiveCfg = Debug|Any CPU
		{B2E4636E-2A92-4F26-9E02-A495B677DFE3}.Debug|Any CPU.Build.0 = Debug|Any CPU
		{B2E4636E-2A92-4F26-9E02-A495B677DFE3}.Release|Any CPU.ActiveCfg = Release|Any CPU
		{B2E4636E-2A92-4F26-9E02-A495B677DFE3}.Release|Any CPU.Build.0 = Release|Any CPU
		{B7DB2059-FFBA-457F-A114-0C89647A00A2}.Debug|Any CPU.ActiveCfg = Debug|Any CPU
		{B7DB2059-FFBA-457F-A114-0C89647A00A2}.Debug|Any CPU.Build.0 = Debug|Any CPU
		{B7DB2059-FFBA-457F-A114-0C89647A00A2}.Release|Any CPU.ActiveCfg = Release|Any CPU
		{B7DB2059-FFBA-457F-A114-0C89647A00A2}.Release|Any CPU.Build.0 = Release|Any CPU
		{83119D2B-A8C7-472E-9F30-8AAEE65B6FC1}.Debug|Any CPU.ActiveCfg = Debug|Any CPU
		{83119D2B-A8C7-472E-9F30-8AAEE65B6FC1}.Debug|Any CPU.Build.0 = Debug|Any CPU
		{83119D2B-A8C7-472E-9F30-8AAEE65B6FC1}.Release|Any CPU.ActiveCfg = Release|Any CPU
		{83119D2B-A8C7-472E-9F30-8AAEE65B6FC1}.Release|Any CPU.Build.0 = Release|Any CPU
		{4819A329-BC0A-4E5B-A03A-AD5563F9DA94}.Debug|Any CPU.ActiveCfg = Debug|Any CPU
		{4819A329-BC0A-4E5B-A03A-AD5563F9DA94}.Debug|Any CPU.Build.0 = Debug|Any CPU
		{4819A329-BC0A-4E5B-A03A-AD5563F9DA94}.Release|Any CPU.ActiveCfg = Release|Any CPU
		{4819A329-BC0A-4E5B-A03A-AD5563F9DA94}.Release|Any CPU.Build.0 = Release|Any CPU
		{C9A43302-D3D9-43D5-A152-952FC83F8C87}.Debug|Any CPU.ActiveCfg = Debug|Any CPU
		{C9A43302-D3D9-43D5-A152-952FC83F8C87}.Debug|Any CPU.Build.0 = Debug|Any CPU
		{C9A43302-D3D9-43D5-A152-952FC83F8C87}.Release|Any CPU.ActiveCfg = Release|Any CPU
		{C9A43302-D3D9-43D5-A152-952FC83F8C87}.Release|Any CPU.Build.0 = Release|Any CPU
	EndGlobalSection
	GlobalSection(SolutionProperties) = preSolution
		HideSolutionNode = FALSE
	EndGlobalSection
	GlobalSection(ExtensibilityGlobals) = postSolution
		SolutionGuid = {6A7091C7-18B6-4CCA-BD2C-EC3C90A66C97}
	EndGlobalSection
EndGlobal
